
Microsoft Visual Studio Solution File, Format Version 12.00
# Visual Studio 14
VisualStudioVersion = 14.0.24720.0
MinimumVisualStudioVersion = 10.0.40219.1
Project("{FAE04EC0-301F-11D3-BF4B-00C04F79EFBC}") = "CreditcardValidation", "CreditcardValidation\CreditcardValidation.csproj", "{369E0163-B236-4B13-AF56-015D4E452511}"
EndProject
Project("{FAE04EC0-301F-11D3-BF4B-00C04F79EFBC}") = "CreditcardValidationTest", "CreditcardValidationTest\CreditcardValidationTest.csproj", "{E93A0ECB-18B9-4E9C-A934-CAA0212F67BE}"
EndProject
Global
	GlobalSection(SolutionConfigurationPlatforms) = preSolution
		Debug|Any CPU = Debug|Any CPU
		Release|Any CPU = Release|Any CPU
	EndGlobalSection
	GlobalSection(ProjectConfigurationPlatforms) = postSolution
		{369E0163-B236-4B13-AF56-015D4E452511}.Debug|Any CPU.ActiveCfg = Debug|Any CPU
		{369E0163-B236-4B13-AF56-015D4E452511}.Debug|Any CPU.Build.0 = Debug|Any CPU
		{369E0163-B236-4B13-AF56-015D4E452511}.Release|Any CPU.ActiveCfg = Release|Any CPU
		{369E0163-B236-4B13-AF56-015D4E452511}.Release|Any CPU.Build.0 = Release|Any CPU
		{E93A0ECB-18B9-4E9C-A934-CAA0212F67BE}.Debug|Any CPU.ActiveCfg = Debug|Any CPU
		{E93A0ECB-18B9-4E9C-A934-CAA0212F67BE}.Debug|Any CPU.Build.0 = Debug|Any CPU
		{E93A0ECB-18B9-4E9C-A934-CAA0212F67BE}.Release|Any CPU.ActiveCfg = Release|Any CPU
		{E93A0ECB-18B9-4E9C-A934-CAA0212F67BE}.Release|Any CPU.Build.0 = Release|Any CPU
	EndGlobalSection
	GlobalSection(SolutionProperties) = preSolution
		HideSolutionNode = FALSE
	EndGlobalSection
EndGlobal
